<?xml version="1.0" encoding="utf-8"?>
<Project ToolsVersion="4.0" xmlns="http://schemas.microsoft.com/developer/msbuild/2003">
  <ItemGroup>
    <Filter Include="Source Files">
      <UniqueIdentifier>{4FC737F1-C7A5-4376-A066-2A32D752A2FF}</UniqueIdentifier>
      <Extensions>cpp;c;cc;cxx;c++;cppm;ixx;def;odl;idl;hpj;bat;asm;asmx</Extensions>
    </Filter>
    <Filter Include="Header Files">
      <UniqueIdentifier>{93995380-89BD-4b04-88EB-625FBE52EBFB}</UniqueIdentifier>
      <Extensions>h;hh;hpp;hxx;h++;hm;inl;inc;ipp;xsd</Extensions>
    </Filter>
    <Filter Include="Resource Files">
      <UniqueIdentifier>{67DA6AB6-F800-4c08-8B7A-83BB121AAD01}</UniqueIdentifier>
      <Extensions>rc;ico;cur;bmp;dlg;rc2;rct;bin;rgs;gif;jpg;jpeg;jpe;resx;tiff;tif;png;wav;mfcribbon-ms</Extensions>
    </Filter>
    <Filter Include="Header Files\LibraryHeaders">
      <UniqueIdentifier>{c48dbfeb-5476-4ed2-bb62-9d793b4004ec}</UniqueIdentifier>
    </Filter>
    <Filter Include="Header Files\SDK Headers">
      <UniqueIdentifier>{90334252-5f8e-49be-8a89-211d614376a3}</UniqueIdentifier>
    </Filter>
    <Filter Include="Header Files\DLL Headers">
      <UniqueIdentifier>{1f7c05b4-a52d-4e92-9aba-76a800f22a8e}</UniqueIdentifier>
    </Filter>
    <Filter Include="Source Files\DLL Impl">
      <UniqueIdentifier>{116bf4bb-10ca-4060-affc-98dd8b3fd237}</UniqueIdentifier>
    </Filter>
    <Filter Include="Source Files\SDK Impl">
      <UniqueIdentifier>{7f552e51-84e5-4642-8967-df6a4dd88fd4}</UniqueIdentifier>
    </Filter>
    <Filter Include="Source Files\LibraryImplementations">
      <UniqueIdentifier>{7df424a2-dfd7-46a6-a839-a20667c615ad}</UniqueIdentifier>
    </Filter>
    <Filter Include="External">
      <UniqueIdentifier>{7a24b1e8-9100-4dc9-8194-a8f664c7e7b3}</UniqueIdentifier>
    </Filter>
    <Filter Include="Source Files\DLL Impl\Commands">
      <UniqueIdentifier>{3579ff44-63ae-4544-ba8a-ba9b660efed9}</UniqueIdentifier>
    </Filter>
    <Filter Include="Source Files\DLL Impl\Aimbot">
      <UniqueIdentifier>{289c942c-6925-495c-8799-02340d181ade}</UniqueIdentifier>
    </Filter>
  </ItemGroup>
  <ItemGroup>
    <ClCompile Include="SDK\SDK\AssetRegistry_functions.cpp">
      <Filter>Source Files\SDK Impl</Filter>
    </ClCompile>
    <ClCompile Include="SDK\SDK\Basic.cpp">
      <Filter>Source Files\SDK Impl</Filter>
    </ClCompile>
    <ClCompile Include="SDK\SDK\CoreUObject_functions.cpp">
      <Filter>Source Files\SDK Impl</Filter>
    </ClCompile>
    <ClCompile Include="SDK\SDK\Engine_functions.cpp">
      <Filter>Source Files\SDK Impl</Filter>
    </ClCompile>
    <ClCompile Include="SDK\SDK\FSD_functions.cpp">
      <Filter>Source Files\SDK Impl</Filter>
    </ClCompile>
    <ClCompile Include="SDK\SDK\LIB_Game_functions.cpp">
      <Filter>Source Files\SDK Impl</Filter>
    </ClCompile>
    <ClCompile Include="Main.cpp">
      <Filter>Source Files\DLL Impl</Filter>
    </ClCompile>
    <ClCompile Include="ModManager.cpp">
      <Filter>Source Files\DLL Impl</Filter>
    </ClCompile>
    <ClCompile Include="Commands.cpp">
      <Filter>Source Files\DLL Impl</Filter>
    </ClCompile>
    <ClCompile Include="Lib_Utils.cpp">
      <Filter>Source Files\LibraryImplementations</Filter>
    </ClCompile>
    <ClCompile Include="$(SolutionDir)SharedLib\Lib_CommandHandler.cpp">
      <Filter>External</Filter>
    </ClCompile>
    <ClCompile Include="$(SolutionDir)SharedLib\Lib_EasyHook.cpp">
      <Filter>External</Filter>
    </ClCompile>
    <ClCompile Include="$(SolutionDir)SharedLib\Lib_GameHooks.cpp">
      <Filter>External</Filter>
    </ClCompile>
    <ClCompile Include="$(SolutionDir)SharedLib\Lib_Json.cpp">
      <Filter>External</Filter>
    </ClCompile>
    <ClCompile Include="$(SolutionDir)SharedLib\Lib_KeyBindings.cpp">
      <Filter>External</Filter>
    </ClCompile>
    <ClCompile Include="$(SolutionDir)SharedLib\Lib_ObjectCast.cpp">
      <Filter>External</Filter>
    </ClCompile>
    <ClCompile Include="$(SolutionDir)SharedLib\Lib_ObjectFactory.cpp">
      <Filter>External</Filter>
    </ClCompile>
    <ClCompile Include="$(SolutionDir)SharedLib\Lib_Print.cpp">
      <Filter>External</Filter>
    </ClCompile>
    <ClCompile Include="$(SolutionDir)SharedLib\Lib_PropertyAccess.cpp">
      <Filter>External</Filter>
    </ClCompile>
    <ClCompile Include="$(SolutionDir)SharedLib\Lib_PropertyInspector.cpp">
      <Filter>External</Filter>
    </ClCompile>
    <ClCompile Include="$(SolutionDir)SharedLib\Lib_VarSystem.cpp">
      <Filter>External</Filter>
    </ClCompile>
    <ClCompile Include="$(SolutionDir)SharedLib\Lib_Scan.cpp">
      <Filter>External</Filter>
    </ClCompile>
    <ClCompile Include="Aimbot_Base.cpp">
      <Filter>Source Files\DLL Impl\Aimbot</Filter>
    </ClCompile>
    <ClCompile Include="Aimbot_Config.cpp">
      <Filter>Source Files\DLL Impl\Aimbot</Filter>
    </ClCompile>
    <ClCompile Include="Aimbot_DebugConfig.cpp">
      <Filter>Source Files\DLL Impl\Aimbot</Filter>
    </ClCompile>
    <ClCompile Include="Aimbot_Hitscan_Capsule.cpp">
      <Filter>Source Files\DLL Impl\Aimbot</Filter>
    </ClCompile>
    <ClCompile Include="Aimbot_Hitscan_Destructable.cpp">
      <Filter>Source Files\DLL Impl\Aimbot</Filter>
    </ClCompile>
    <ClCompile Include="Aimbot_Hitscan_Reflection.cpp">
      <Filter>Source Files\DLL Impl\Aimbot</Filter>
    </ClCompile>
    <ClCompile Include="Aimbot_Hitscan_Multi.cpp">
      <Filter>Source Files\DLL Impl\Aimbot</Filter>
    </ClCompile>
    <ClCompile Include="Aimbot_Hitscan_Standard.cpp">
      <Filter>Source Files\DLL Impl\Aimbot</Filter>
    </ClCompile>
    <ClCompile Include="Aimbot_Projectile_Activate.cpp">
      <Filter>Source Files\DLL Impl\Aimbot</Filter>
    </ClCompile>
    <ClCompile Include="Aimbot_Projectile_ServerFire.cpp">
      <Filter>Source Files\DLL Impl\Aimbot</Filter>
    </ClCompile>
    <ClCompile Include="Aimbot_TargetSelection.cpp">
      <Filter>Source Files\DLL Impl\Aimbot</Filter>
    </ClCompile>
  </ItemGroup>
  <ItemGroup>
    <ClInclude Include="Lib_Forward.h">
      <Filter>Header Files\LibraryHeaders</Filter>
    </ClInclude>
    <ClInclude Include="Lib_Utils.h">
      <Filter>Header Files\LibraryHeaders</Filter>
    </ClInclude>
    <ClInclude Include="Common.h">
      <Filter>Header Files\LibraryHeaders</Filter>
    </ClInclude>
    <ClInclude Include="SDK\SDK\FSD_classes.hpp">
      <Filter>Header Files\SDK Headers</Filter>
    </ClInclude>
    <ClInclude Include="Library.h">
      <Filter>Header Files\LibraryHeaders</Filter>
    </ClInclude>
    <ClInclude Include="ModManager.h">
      <Filter>Header Files\DLL Headers</Filter>
    </ClInclude>
    <ClInclude Include="Commands.h">
      <Filter>Header Files\DLL Headers</Filter>
    </ClInclude>
    <ClInclude Include="Lib_VTableInfo.h">
      <Filter>Header Files\LibraryHeaders</Filter>
    </ClInclude>
    <ClInclude Include="SDK\UnrealContainers.hpp">
      <Filter>Header Files\SDK Headers</Filter>
    </ClInclude>
    <ClInclude Include="SDK\SDK\Basic.hpp">
      <Filter>Header Files\SDK Headers</Filter>
    </ClInclude>
    <ClInclude Include="Aim.h">
      <Filter>Header Files\DLL Headers</Filter>
    </ClInclude>
    <ClInclude Include="Aim_Internal.h">
      <Filter>Header Files\DLL Headers</Filter>
    </ClInclude>
    <ClInclude Include="SDK\SDK\CoreUObject_classes.hpp">
      <Filter>Header Files\SDK Headers</Filter>
    </ClInclude>
    <ClInclude Include="SDK\SDK\FSD_structs.hpp">
      <Filter>Header Files\SDK Headers</Filter>
    </ClInclude>
  </ItemGroup>
</Project>