<?xml version="1.0" encoding="utf-8"?>
<Project ToolsVersion="4.0" xmlns="http://schemas.microsoft.com/developer/msbuild/2003">
  <ItemGroup>
    <Filter Include="Headers">
      <UniqueIdentifier>{93995380-89BD-4b04-88EB-625FBE52EBFB}</UniqueIdentifier>
      <Extensions>h;hh;hpp;hxx;h++;hm;inl;inc;ipp;xsd</Extensions>
    </Filter>
    <Filter Include="Source">
      <UniqueIdentifier>{4FC737F1-C7A5-4376-A066-2A32D752A2FF}</UniqueIdentifier>
      <Extensions>cpp;c;cc;cxx;c++;cppm;ixx</Extensions>
    </Filter>
  </ItemGroup>
  <ItemGroup>
    <ClInclude Include="Lib_CommandHandler.h">
      <Filter>Headers</Filter>
    </ClInclude>
    <ClInclude Include="Lib_EasyHook.h">
      <Filter>Headers</Filter>
    </ClInclude>
    <ClInclude Include="Lib_GameHooks.h">
      <Filter>Headers</Filter>
    </ClInclude>
    <ClInclude Include="Lib_Json.h">
      <Filter>Headers</Filter>
    </ClInclude>
    <ClInclude Include="Lib_KeyBindings.h">
      <Filter>Headers</Filter>
    </ClInclude>
    <ClInclude Include="Lib_ObjectCast.h">
      <Filter>Headers</Filter>
    </ClInclude>
    <ClInclude Include="Lib_ObjectFactory.h">
      <Filter>Headers</Filter>
    </ClInclude>
    <ClInclude Include="Lib_Print.h">
      <Filter>Headers</Filter>
    </ClInclude>
    <ClInclude Include="Lib_PropertyAccess.h">
      <Filter>Headers</Filter>
    </ClInclude>
    <ClInclude Include="Lib_PropertyInspector.h">
      <Filter>Headers</Filter>
    </ClInclude>
    <ClInclude Include="Lib_VarSystem.h">
      <Filter>Headers</Filter>
    </ClInclude>
    <ClInclude Include="Lib_VTableHook.h">
      <Filter>Headers</Filter>
    </ClInclude>
    <ClInclude Include="StringLib.h">
      <Filter>Headers</Filter>
    </ClInclude>
    <ClInclude Include="UnrealCoreTypes.h">
      <Filter>Headers</Filter>
    </ClInclude>
  </ItemGroup>
  <ItemGroup>
    <ClCompile Include="Lib_CommandHandler.cpp">
      <Filter>Source</Filter>
    </ClCompile>
    <ClCompile Include="Lib_EasyHook.cpp">
      <Filter>Source</Filter>
    </ClCompile>
    <ClCompile Include="Lib_GameHooks.cpp">
      <Filter>Source</Filter>
    </ClCompile>
    <ClCompile Include="Lib_Json.cpp">
      <Filter>Source</Filter>
    </ClCompile>
    <ClCompile Include="Lib_KeyBindings.cpp">
      <Filter>Source</Filter>
    </ClCompile>
    <ClCompile Include="Lib_Math.cpp">
      <Filter>Source</Filter>
    </ClCompile>
    <ClCompile Include="Lib_ObjectCast.cpp">
      <Filter>Source</Filter>
    </ClCompile>
    <ClCompile Include="Lib_ObjectFactory.cpp">
      <Filter>Source</Filter>
    </ClCompile>
    <ClCompile Include="Lib_Print.cpp">
      <Filter>Source</Filter>
    </ClCompile>
    <ClCompile Include="Lib_PropertyAccess.cpp">
      <Filter>Source</Filter>
    </ClCompile>
    <ClCompile Include="Lib_PropertyInspector.cpp">
      <Filter>Source</Filter>
    </ClCompile>
    <ClCompile Include="Lib_VarSystem.cpp">
      <Filter>Source</Filter>
    </ClCompile>
  </ItemGroup>
</Project>